
Microsoft Visual Studio Solution File, Format Version 12.00
# Visual Studio 2012
Project("{8BC9CEB8-8B4A-11D0-8D11-00A0C91BC942}") = "libtinyswf", "libtinyswf.vcxproj", "{2EF32000-30A4-49E5-84E1-C1ED38931E36}"
EndProject
Global
	GlobalSection(SolutionConfigurationPlatforms) = preSolution
		Debug|Win32 = Debug|Win32
		Release|Win32 = Release|Win32
	EndGlobalSection
	GlobalSection(ProjectConfigurationPlatforms) = postSolution
		{2EF32000-30A4-49E5-84E1-C1ED38931E36}.Debug|Win32.ActiveCfg = Debug|Win32
		{2EF32000-30A4-49E5-84E1-C1ED38931E36}.Debug|Win32.Build.0 = Debug|Win32
		{2EF32000-30A4-49E5-84E1-C1ED38931E36}.Release|Win32.ActiveCfg = Release|Win32
		{2EF32000-30A4-49E5-84E1-C1ED38931E36}.Release|Win32.Build.0 = Release|Win32
	EndGlobalSection
	GlobalSection(SolutionProperties) = preSolution
		HideSolutionNode = FALSE
	EndGlobalSection
EndGlobal
