<?xml version="1.0" encoding="utf-8"?>
<Project ToolsVersion="4.0" xmlns="http://schemas.microsoft.com/developer/msbuild/2003">
  <ItemGroup>
    <Filter Include="libtess2">
      <UniqueIdentifier>{e5b3dc34-182f-4a25-a172-dae705b01da0}</UniqueIdentifier>
    </Filter>
    <Filter Include="source">
      <UniqueIdentifier>{4FC737F1-C7A5-4376-A066-2A32D752A2FF}</UniqueIdentifier>
      <Extensions>cpp;c;cc;cxx;def;odl;idl;hpj;bat;asm;asmx</Extensions>
    </Filter>
    <Filter Include="header">
      <UniqueIdentifier>{93995380-89BD-4b04-88EB-625FBE52EBFB}</UniqueIdentifier>
      <Extensions>h;hpp;hxx;hm;inl;inc;xsd</Extensions>
    </Filter>
    <Filter Include="header\tags">
      <UniqueIdentifier>{5682f1c0-ebd6-4b6f-b309-920de2309944}</UniqueIdentifier>
    </Filter>
  </ItemGroup>
  <ItemGroup>
    <ClInclude Include="..\..\include\tinyswf.h">
      <Filter>header</Filter>
    </ClInclude>
    <ClInclude Include="..\..\include\tsHeader.h">
      <Filter>header</Filter>
    </ClInclude>
    <ClInclude Include="..\..\include\tsMovieClip.h">
      <Filter>header</Filter>
    </ClInclude>
    <ClInclude Include="..\..\include\tsReader.h">
      <Filter>header</Filter>
    </ClInclude>
    <ClInclude Include="..\..\include\tsSWF.h">
      <Filter>header</Filter>
    </ClInclude>
    <ClInclude Include="..\..\include\tsTag.h">
      <Filter>header</Filter>
    </ClInclude>
    <ClInclude Include="..\..\include\tsTypes.h">
      <Filter>header</Filter>
    </ClInclude>
    <ClInclude Include="..\..\src\tags\VectorEngine.h">
      <Filter>header</Filter>
    </ClInclude>
    <ClInclude Include="..\..\libtess2\bucketalloc.h">
      <Filter>libtess2</Filter>
    </ClInclude>
    <ClInclude Include="..\..\libtess2\dict.h">
      <Filter>libtess2</Filter>
    </ClInclude>
    <ClInclude Include="..\..\libtess2\geom.h">
      <Filter>libtess2</Filter>
    </ClInclude>
    <ClInclude Include="..\..\libtess2\mesh.h">
      <Filter>libtess2</Filter>
    </ClInclude>
    <ClInclude Include="..\..\libtess2\priorityq.h">
      <Filter>libtess2</Filter>
    </ClInclude>
    <ClInclude Include="..\..\libtess2\sweep.h">
      <Filter>libtess2</Filter>
    </ClInclude>
    <ClInclude Include="..\..\libtess2\tess.h">
      <Filter>libtess2</Filter>
    </ClInclude>
    <ClInclude Include="..\..\libtess2\tesselator.h">
      <Filter>libtess2</Filter>
    </ClInclude>
    <ClInclude Include="..\..\src\tags\DefineButton.h">
      <Filter>header\tags</Filter>
    </ClInclude>
    <ClInclude Include="..\..\src\tags\DefineShape.h">
      <Filter>header\tags</Filter>
    </ClInclude>
    <ClInclude Include="..\..\src\tags\DefineSound.h">
      <Filter>header\tags</Filter>
    </ClInclude>
    <ClInclude Include="..\..\src\tags\DefineSprite.h">
      <Filter>header\tags</Filter>
    </ClInclude>
    <ClInclude Include="..\..\src\tags\DoAction.h">
      <Filter>header\tags</Filter>
    </ClInclude>
    <ClInclude Include="..\..\src\tags\ExportAssets.h">
      <Filter>header\tags</Filter>
    </ClInclude>
    <ClInclude Include="..\..\src\tags\FrameLabel.h">
      <Filter>header\tags</Filter>
    </ClInclude>
    <ClInclude Include="..\..\src\tags\ImportAssets2.h">
      <Filter>header\tags</Filter>
    </ClInclude>
    <ClInclude Include="..\..\src\tags\PlaceObject.h">
      <Filter>header\tags</Filter>
    </ClInclude>
    <ClInclude Include="..\..\src\tags\RemoveObject.h">
      <Filter>header\tags</Filter>
    </ClInclude>
    <ClInclude Include="..\..\src\tags\SetBackgroundColor.h">
      <Filter>header\tags</Filter>
    </ClInclude>
    <ClInclude Include="..\..\src\tags\ShowFrame.h">
      <Filter>header\tags</Filter>
    </ClInclude>
    <ClInclude Include="..\..\src\tags\DefineScalingGrid.h">
      <Filter>header\tags</Filter>
    </ClInclude>
    <ClInclude Include="..\..\src\tags\DefineText.h">
      <Filter>header\tags</Filter>
    </ClInclude>
    <ClInclude Include="..\..\src\tags\DefineFont.h">
      <Filter>header\tags</Filter>
    </ClInclude>
  </ItemGroup>
  <ItemGroup>
    <ClCompile Include="..\..\src\tsTag.cpp">
      <Filter>source</Filter>
    </ClCompile>
    <ClCompile Include="..\..\src\tsHeader.cpp">
      <Filter>source</Filter>
    </ClCompile>
    <ClCompile Include="..\..\src\tsReader.cpp">
      <Filter>source</Filter>
    </ClCompile>
    <ClCompile Include="..\..\src\tsMovieClip.cpp">
      <Filter>source</Filter>
    </ClCompile>
    <ClCompile Include="..\..\src\tsSWF.cpp">
      <Filter>source</Filter>
    </ClCompile>
    <ClCompile Include="..\..\src\tags\DefineButton.cpp">
      <Filter>source</Filter>
    </ClCompile>
    <ClCompile Include="..\..\src\tags\DefineShape.cpp">
      <Filter>source</Filter>
    </ClCompile>
    <ClCompile Include="..\..\src\tags\DefineSprite.cpp">
      <Filter>source</Filter>
    </ClCompile>
    <ClCompile Include="..\..\src\tags\DoAction.cpp">
      <Filter>source</Filter>
    </ClCompile>
    <ClCompile Include="..\..\src\tags\PlaceObject.cpp">
      <Filter>source</Filter>
    </ClCompile>
    <ClCompile Include="..\..\src\tags\VectorEngine.cpp">
      <Filter>source</Filter>
    </ClCompile>
    <ClCompile Include="..\..\libtess2\bucketalloc.c">
      <Filter>libtess2</Filter>
    </ClCompile>
    <ClCompile Include="..\..\libtess2\dict.c">
      <Filter>libtess2</Filter>
    </ClCompile>
    <ClCompile Include="..\..\libtess2\geom.c">
      <Filter>libtess2</Filter>
    </ClCompile>
    <ClCompile Include="..\..\libtess2\mesh.c">
      <Filter>libtess2</Filter>
    </ClCompile>
    <ClCompile Include="..\..\libtess2\priorityq.c">
      <Filter>libtess2</Filter>
    </ClCompile>
    <ClCompile Include="..\..\libtess2\sweep.c">
      <Filter>libtess2</Filter>
    </ClCompile>
    <ClCompile Include="..\..\libtess2\tess.c">
      <Filter>libtess2</Filter>
    </ClCompile>
    <ClCompile Include="..\..\src\tags\DefineText.cpp">
      <Filter>source</Filter>
    </ClCompile>
    <ClCompile Include="..\..\src\tags\DefineFont.cpp">
      <Filter>source</Filter>
    </ClCompile>
  </ItemGroup>
</Project>